
Microsoft Visual Studio Solution File, Format Version 12.00
# Visual Studio Version 16
VisualStudioVersion = 16.0.30413.136
MinimumVisualStudioVersion = 10.0.40219.1
Project("{FAE04EC0-301F-11D3-BF4B-00C04F79EFBC}") = "ProjetWPF", "ProjetWPF\ProjetWPF.csproj", "{57F6AD97-7E9C-4AB7-B339-834A7FE66884}"
EndProject
Global
	GlobalSection(SolutionConfigurationPlatforms) = preSolution
		Debug|Any CPU = Debug|Any CPU
		Release|Any CPU = Release|Any CPU
	EndGlobalSection
	GlobalSection(ProjectConfigurationPlatforms) = postSolution
		{57F6AD97-7E9C-4AB7-B339-834A7FE66884}.Debug|Any CPU.ActiveCfg = Debug|Any CPU
		{57F6AD97-7E9C-4AB7-B339-834A7FE66884}.Debug|Any CPU.Build.0 = Debug|Any CPU
		{57F6AD97-7E9C-4AB7-B339-834A7FE66884}.Release|Any CPU.ActiveCfg = Release|Any CPU
		{57F6AD97-7E9C-4AB7-B339-834A7FE66884}.Release|Any CPU.Build.0 = Release|Any CPU
	EndGlobalSection
	GlobalSection(SolutionProperties) = preSolution
		HideSolutionNode = FALSE
	EndGlobalSection
	GlobalSection(ExtensibilityGlobals) = postSolution
		SolutionGuid = {BCB6AC8B-227D-49CD-8468-5A852EE79863}
	EndGlobalSection
EndGlobal
